<?xml version="1.0" encoding="UTF-8" standalone="yes" ?>
<CodeBlocks_project_file>
	<FileVersion major="1" minor="6" />
	<Project>
		<Option title="XboxClient" />
		<Option pch_mode="2" />
		<Option compiler="gcc" />
		<Build>
			<Target title="Debug">
				<Option output="bin/Debug/XboxClient" prefix_auto="1" extension_auto="1" />
				<Option object_output="obj/Debug/" />
				<Option type="1" />
				<Option compiler="gcc" />
				<Option parameters="192.168.0.11 2348" />
				<Compiler>
					<Add option="-std=c++0x" />
					<Add option="-g" />
				</Compiler>
			</Target>
			<Target title="Release">
				<Option output="bin/Release/XboxClient" prefix_auto="1" extension_auto="1" />
				<Option object_output="obj/Release/" />
				<Option type="1" />
				<Option compiler="gcc" />
				<Compiler>
					<Add option="-O2" />
				</Compiler>
				<Linker>
					<Add option="-s" />
				</Linker>
			</Target>
		</Build>
		<Compiler>
			<Add option="-Wall" />
		</Compiler>
		<Unit filename="../../UserController.h" />
		<Unit filename="../../XboxController.h" />
		<Unit filename="../../lib/CXBOXController.cpp" />
		<Unit filename="../../lib/CXBOXController.h" />
		<Unit filename="../../lib/PracticalSocket.cpp" />
		<Unit filename="../../lib/PracticalSocket.h" />
		<Unit filename="../../lib/Xinput.h" />
		<Unit filename="../../src/UserController.cpp" />
		<Unit filename="../../src/XboxController.cpp" />
		<Unit filename="../../tests/XboxControllerTest.cpp" />
		<Unit filename="../../util/ThreadSafeQueue.h" />
		<Unit filename="../../util/splitstring.h" />
		<Extensions>
			<code_completion />
			<envvars />
			<debugger />
			<lib_finder disable_auto="1" />
		</Extensions>
	</Project>
</CodeBlocks_project_file>
